
Microsoft Visual Studio Solution File, Format Version 12.00
# Visual Studio 15
VisualStudioVersion = 15.0.27004.2010
MinimumVisualStudioVersion = 10.0.40219.1
Project("{9A19103F-16F7-4668-BE54-9A1E7A4F7556}") = "PokedexCore", "PokedexCore\PokedexCore.csproj", "{22DDE36A-A756-4CE0-8311-F08DBBA7026D}"
EndProject
Project("{FAE04EC0-301F-11D3-BF4B-00C04F79EFBC}") = "PokedexCore.Tests", "PokedexCore.Tests\PokedexCore.Tests.csproj", "{185213E5-86CA-4F05-B42A-758FE0501BDD}"
EndProject
Global
	GlobalSection(SolutionConfigurationPlatforms) = preSolution
		Debug|Any CPU = Debug|Any CPU
		Release|Any CPU = Release|Any CPU
	EndGlobalSection
	GlobalSection(ProjectConfigurationPlatforms) = postSolution
		{22DDE36A-A756-4CE0-8311-F08DBBA7026D}.Debug|Any CPU.ActiveCfg = Debug|Any CPU
		{22DDE36A-A756-4CE0-8311-F08DBBA7026D}.Debug|Any CPU.Build.0 = Debug|Any CPU
		{22DDE36A-A756-4CE0-8311-F08DBBA7026D}.Release|Any CPU.ActiveCfg = Release|Any CPU
		{22DDE36A-A756-4CE0-8311-F08DBBA7026D}.Release|Any CPU.Build.0 = Release|Any CPU
		{185213E5-86CA-4F05-B42A-758FE0501BDD}.Debug|Any CPU.ActiveCfg = Debug|Any CPU
		{185213E5-86CA-4F05-B42A-758FE0501BDD}.Debug|Any CPU.Build.0 = Debug|Any CPU
		{185213E5-86CA-4F05-B42A-758FE0501BDD}.Release|Any CPU.ActiveCfg = Release|Any CPU
		{185213E5-86CA-4F05-B42A-758FE0501BDD}.Release|Any CPU.Build.0 = Release|Any CPU
	EndGlobalSection
	GlobalSection(SolutionProperties) = preSolution
		HideSolutionNode = FALSE
	EndGlobalSection
	GlobalSection(ExtensibilityGlobals) = postSolution
		SolutionGuid = {8AFD9FCD-0AC7-4959-9642-FB21351EF6C8}
	EndGlobalSection
EndGlobal
